<?xml version="1.0" encoding="UTF-8" standalone="yes" ?>
<CodeBlocks_project_file>
	<FileVersion major="1" minor="6" />
	<Project>
		<Option title="HfCloud" />
		<Option pch_mode="2" />
		<Option compiler="gcc" />
		<Build>
			<Target title="Debug">
				<Option output="bin/Debug/HfCloud" prefix_auto="1" extension_auto="1" />
				<Option object_output="obj/Debug/" />
				<Option type="1" />
				<Option compiler="gcc" />
				<Compiler>
					<Add option="-g" />
					<Add option="-DHFDEBUG" />
				</Compiler>
				<ExtraCommands>
					<Add after="XCOPY $(#sdl2)\bin\*.dll $(TARGET_OUTPUT_DIR) /D /Y" />
				</ExtraCommands>
			</Target>
			<Target title="Release">
				<Option output="bin/Release/HfCloud" prefix_auto="1" extension_auto="1" />
				<Option object_output="obj/Release/" />
				<Option type="0" />
				<Option compiler="gcc" />
				<Compiler>
					<Add option="-O3" />
				</Compiler>
				<Linker>
					<Add option="-s" />
				</Linker>
				<ExtraCommands>
					<Add after="XCOPY $(#sdl2)\bin\*.dll $(TARGET_OUTPUT_DIR) /D /Y" />
				</ExtraCommands>
			</Target>
			<Target title="Debug-Linux">
				<Option output="bin/Debug/HfCloud" prefix_auto="1" extension_auto="1" />
				<Option object_output="obj/Debug/" />
				<Option type="1" />
				<Option compiler="gcc" />
				<Option projectLinkerOptionsRelation="1" />
				<Compiler>
					<Add option="-g" />
					<Add option="-DHFDEBUG" />
				</Compiler>
				<Linker>
					<Add library="SDL2" />
					<Add library="SDL2_image" />
				</Linker>
			</Target>
			<Target title="Release-Linux">
				<Option output="bin/Release/HfCloud" prefix_auto="1" extension_auto="1" />
				<Option object_output="obj/Release/" />
				<Option type="0" />
				<Option compiler="gcc" />
				<Option projectLinkerOptionsRelation="1" />
				<Compiler>
					<Add option="-O3" />
				</Compiler>
				<Linker>
					<Add option="-s" />
					<Add library="SDL2" />
					<Add library="SDL2_image" />
				</Linker>
			</Target>
		</Build>
		<Compiler>
			<Add option="-Wall" />
			<Add option="-std=c++11" />
			<Add directory="$(#sdl2.include)/SDL2" />
			<Add directory="./include" />
		</Compiler>
		<Linker>
			<Add library="mingw32" />
			<Add library="SDL2main" />
			<Add library="SDL2_image" />
			<Add library="SDL2.dll" />
			<Add library="user32" />
			<Add library="gdi32" />
			<Add library="winmm" />
			<Add library="dxguid" />
			<Add directory="$(#sdl2.lib)" />
		</Linker>
		<Unit filename="Animation.cpp" />
		<Unit filename="AnimationFrames.cpp" />
		<Unit filename="Bitmap.cpp" />
		<Unit filename="ComputationalGeometry.cpp" />
		<Unit filename="Graphics.cpp" />
		<Unit filename="Input.cpp" />
		<Unit filename="Module.cpp" />
		<Unit filename="Scene.cpp" />
		<Unit filename="SceneManager.cpp" />
		<Unit filename="SceneStart.cpp" />
		<Unit filename="Sprite.cpp" />
		<Unit filename="include/Animation.h" />
		<Unit filename="include/AnimationFrames.h" />
		<Unit filename="include/Bitmap.h" />
		<Unit filename="include/ComputationalGeometry.h" />
		<Unit filename="include/Fiber.h" />
		<Unit filename="include/Graphics.h" />
		<Unit filename="include/HfCloud.h" />
		<Unit filename="include/Input.h" />
		<Unit filename="include/Module.h" />
		<Unit filename="include/ParamZ.h" />
		<Unit filename="include/ReferredObject.h" />
		<Unit filename="include/Scene.h" />
		<Unit filename="include/SceneManager.h" />
		<Unit filename="include/SceneStart.h" />
		<Unit filename="include/Sprite.h" />
		<Unit filename="include/stdinc.h" />
		<Unit filename="main.cpp" />
		<Unit filename="static.cpp" />
		<Unit filename="stdinc.cpp" />
		<Extensions>
			<code_completion />
			<envvars />
			<debugger />
			<lib_finder disable_auto="1" />
		</Extensions>
	</Project>
</CodeBlocks_project_file>
