<?xml version="1.0" encoding="utf-8"?>
<Project ToolsVersion="4.0" xmlns="http://schemas.microsoft.com/developer/msbuild/2003">
  <ItemGroup>
    <Filter Include="源文件">
      <UniqueIdentifier>{4FC737F1-C7A5-4376-A066-2A32D752A2FF}</UniqueIdentifier>
      <Extensions>cpp;c;cc;cxx;def;odl;idl;hpj;bat;asm;asmx</Extensions>
    </Filter>
    <Filter Include="头文件">
      <UniqueIdentifier>{93995380-89BD-4b04-88EB-625FBE52EBFB}</UniqueIdentifier>
      <Extensions>h;hh;hpp;hxx;hm;inl;inc;xsd</Extensions>
    </Filter>
    <Filter Include="资源文件">
      <UniqueIdentifier>{67DA6AB6-F800-4c08-8B7A-83BB121AAD01}</UniqueIdentifier>
      <Extensions>rc;ico;cur;bmp;dlg;rc2;rct;bin;rgs;gif;jpg;jpeg;jpe;resx;tiff;tif;png;wav;mfcribbon-ms</Extensions>
    </Filter>
  </ItemGroup>
  <ItemGroup>
    <ClCompile Include="..\Bitmap.cpp">
      <Filter>源文件</Filter>
    </ClCompile>
    <ClCompile Include="..\Graphics.cpp">
      <Filter>源文件</Filter>
    </ClCompile>
    <ClCompile Include="..\Input.cpp">
      <Filter>源文件</Filter>
    </ClCompile>
    <ClCompile Include="..\main.cpp">
      <Filter>源文件</Filter>
    </ClCompile>
    <ClCompile Include="..\Module.cpp">
      <Filter>源文件</Filter>
    </ClCompile>
    <ClCompile Include="..\Scene.cpp">
      <Filter>源文件</Filter>
    </ClCompile>
    <ClCompile Include="..\SceneManager.cpp">
      <Filter>源文件</Filter>
    </ClCompile>
    <ClCompile Include="..\SceneStart.cpp">
      <Filter>源文件</Filter>
    </ClCompile>
    <ClCompile Include="..\Sprite.cpp">
      <Filter>源文件</Filter>
    </ClCompile>
    <ClCompile Include="..\stdinc.cpp">
      <Filter>源文件</Filter>
    </ClCompile>
    <ClCompile Include="..\static.cpp">
      <Filter>源文件</Filter>
    </ClCompile>
    <ClCompile Include="..\Animation.cpp">
      <Filter>源文件</Filter>
    </ClCompile>
    <ClCompile Include="..\AnimationFrames.cpp">
      <Filter>源文件</Filter>
    </ClCompile>
    <ClCompile Include="..\ComputationalGeometry.cpp">
      <Filter>源文件</Filter>
    </ClCompile>
  </ItemGroup>
  <ItemGroup>
    <ClInclude Include="..\include\Bitmap.h">
      <Filter>头文件</Filter>
    </ClInclude>
    <ClInclude Include="..\include\Fiber.h">
      <Filter>头文件</Filter>
    </ClInclude>
    <ClInclude Include="..\include\Graphics.h">
      <Filter>头文件</Filter>
    </ClInclude>
    <ClInclude Include="..\include\HfCloud.h">
      <Filter>头文件</Filter>
    </ClInclude>
    <ClInclude Include="..\include\Input.h">
      <Filter>头文件</Filter>
    </ClInclude>
    <ClInclude Include="..\include\Module.h">
      <Filter>头文件</Filter>
    </ClInclude>
    <ClInclude Include="..\include\ParamZ.h">
      <Filter>头文件</Filter>
    </ClInclude>
    <ClInclude Include="..\include\Scene.h">
      <Filter>头文件</Filter>
    </ClInclude>
    <ClInclude Include="..\include\SceneManager.h">
      <Filter>头文件</Filter>
    </ClInclude>
    <ClInclude Include="..\include\SceneStart.h">
      <Filter>头文件</Filter>
    </ClInclude>
    <ClInclude Include="..\include\Sprite.h">
      <Filter>头文件</Filter>
    </ClInclude>
    <ClInclude Include="..\include\stdinc.h">
      <Filter>头文件</Filter>
    </ClInclude>
    <ClInclude Include="..\include\ReferredObject.h">
      <Filter>头文件</Filter>
    </ClInclude>
    <ClInclude Include="..\include\Animation.h">
      <Filter>头文件</Filter>
    </ClInclude>
    <ClInclude Include="..\include\AnimationFrames.h">
      <Filter>头文件</Filter>
    </ClInclude>
    <ClInclude Include="..\include\ComputationalGeometry.h">
      <Filter>头文件</Filter>
    </ClInclude>
  </ItemGroup>
</Project>